// !$*UTF8*$!
{
	archiveVersion = 1;
	classes = {
	};
	objectVersion = 50;
	objects = {

/* Begin PBXBuildFile section */
		3A19FBB725DB8A630009B433 /* AppDelegate.swift in Sources */ = {isa = PBXBuildFile; fileRef = 3A19FBB625DB8A630009B433 /* AppDelegate.swift */; };
		3A19FBB925DB8A630009B433 /* SceneDelegate.swift in Sources */ = {isa = PBXBuildFile; fileRef = 3A19FBB825DB8A630009B433 /* SceneDelegate.swift */; };
		3A19FBBB25DB8A630009B433 /* ViewController.swift in Sources */ = {isa = PBXBuildFile; fileRef = 3A19FBBA25DB8A630009B433 /* ViewController.swift */; };
		3A19FBBE25DB8A630009B433 /* Main.storyboard in Resources */ = {isa = PBXBuildFile; fileRef = 3A19FBBC25DB8A630009B433 /* Main.storyboard */; };
		3A19FBC125DB8A630009B433 /* SegueExercise3.xcdatamodeld in Sources */ = {isa = PBXBuildFile; fileRef = 3A19FBBF25DB8A630009B433 /* SegueExercise3.xcdatamodeld */; };
		3A19FBC325DB8A660009B433 /* Assets.xcassets in Resources */ = {isa = PBXBuildFile; fileRef = 3A19FBC225DB8A660009B433 /* Assets.xcassets */; };
		3A19FBC625DB8A660009B433 /* LaunchScreen.storyboard in Resources */ = {isa = PBXBuildFile; fileRef = 3A19FBC425DB8A660009B433 /* LaunchScreen.storyboard */; };
/* End PBXBuildFile section */

/* Begin PBXFileReference section */
		3A19FBB325DB8A630009B433 /* SegueExercise3.app */ = {isa = PBXFileReference; explicitFileType = wrapper.application; includeInIndex = 0; path = SegueExercise3.app; sourceTree = BUILT_PRODUCTS_DIR; };
		3A19FBB625DB8A630009B433 /* AppDelegate.swift */ = {isa = PBXFileReference; lastKnownFileType = sourcecode.swift; path = AppDelegate.swift; sourceTree = "<group>"; };
		3A19FBB825DB8A630009B433 /* SceneDelegate.swift */ = {isa = PBXFileReference; lastKnownFileType = sourcecode.swift; path = SceneDelegate.swift; sourceTree = "<group>"; };
		3A19FBBA25DB8A630009B433 /* ViewController.swift */ = {isa = PBXFileReference; lastKnownFileType = sourcecode.swift; path = ViewController.swift; sourceTree = "<group>"; };
		3A19FBBD25DB8A630009B433 /* Base */ = {isa = PBXFileReference; lastKnownFileType = file.storyboard; name = Base; path = Base.lproj/Main.storyboard; sourceTree = "<group>"; };
		3A19FBC025DB8A630009B433 /* SegueExercise3.xcdatamodel */ = {isa = PBXFileReference; lastKnownFileType = wrapper.xcdatamodel; path = SegueExercise3.xcdatamodel; sourceTree = "<group>"; };
		3A19FBC225DB8A660009B433 /* Assets.xcassets */ = {isa = PBXFileReference; lastKnownFileType = folder.assetcatalog; path = Assets.xcassets; sourceTree = "<group>"; };
		3A19FBC525DB8A660009B433 /* Base */ = {isa = PBXFileReference; lastKnownFileType = file.storyboard; name = Base; path = Base.lproj/LaunchScreen.storyboard; sourceTree = "<group>"; };
		3A19FBC725DB8A660009B433 /* Info.plist */ = {isa = PBXFileReference; lastKnownFileType = text.plist.xml; path = Info.plist; sourceTree = "<group>"; };
/* End PBXFileReference section */

/* Begin PBXFrameworksBuildPhase section */
		3A19FBB025DB8A630009B433 /* Frameworks */ = {
			isa = PBXFrameworksBuildPhase;
			buildActionMask = 2147483647;
			files = (
			);
			runOnlyForDeploymentPostprocessing = 0;
		};
/* End PBXFrameworksBuildPhase section */

/* Begin PBXGroup section */
		3A19FBAA25DB8A630009B433 = {
			isa = PBXGroup;
			children = (
				3A19FBB525DB8A630009B433 /* SegueExercise3 */,
				3A19FBB425DB8A630009B433 /* Products */,
			);
			sourceTree = "<group>";
		};
		3A19FBB425DB8A630009B433 /* Products */ = {
			isa = PBXGroup;
			children = (
				3A19FBB325DB8A630009B433 /* SegueExercise3.app */,
			);
			name = Products;
			sourceTree = "<group>";
		};
		3A19FBB525DB8A630009B433 /* SegueExercise3 */ = {
			isa = PBXGroup;
			children = (
				3A19FBB625DB8A630009B433 /* AppDelegate.swift */,
				3A19FBB825DB8A630009B433 /* SceneDelegate.swift */,
				3A19FBBA25DB8A630009B433 /* ViewController.swift */,
				3A19FBBC25DB8A630009B433 /* Main.storyboard */,
				3A19FBC225DB8A660009B433 /* Assets.xcassets */,
				3A19FBC425DB8A660009B433 /* LaunchScreen.storyboard */,
				3A19FBC725DB8A660009B433 /* Info.plist */,
				3A19FBBF25DB8A630009B433 /* SegueExercise3.xcdatamodeld */,
			);
			path = SegueExercise3;
			sourceTree = "<group>";
		};
/* End PBXGroup section */

/* Begin PBXNativeTarget section */
		3A19FBB225DB8A630009B433 /* SegueExercise3 */ = {
			isa = PBXNativeTarget;
			buildConfigurationList = 3A19FBCA25DB8A660009B433 /* Build configuration list for PBXNativeTarget "SegueExercise3" */;
			buildPhases = (
				3A19FBAF25DB8A630009B433 /* Sources */,
				3A19FBB025DB8A630009B433 /* Frameworks */,
				3A19FBB125DB8A630009B433 /* Resources */,
			);
			buildRules = (
			);
			dependencies = (
			);
			name = SegueExercise3;
			productName = SegueExercise3;
			productReference = 3A19FBB325DB8A630009B433 /* SegueExercise3.app */;
			productType = "com.apple.product-type.application";
		};
/* End PBXNativeTarget section */

/* Begin PBXProject section */
		3A19FBAB25DB8A630009B433 /* Project object */ = {
			isa = PBXProject;
			attributes = {
				LastSwiftUpdateCheck = 1240;
				LastUpgradeCheck = 1240;
				TargetAttributes = {
					3A19FBB225DB8A630009B433 = {
						CreatedOnToolsVersion = 12.4;
					};
				};
			};
			buildConfigurationList = 3A19FBAE25DB8A630009B433 /* Build configuration list for PBXProject "SegueExercise3" */;
			compatibilityVersion = "Xcode 9.3";
			developmentRegion = en;
			hasScannedForEncodings = 0;
			knownRegions = (
				en,
				Base,
			);
			mainGroup = 3A19FBAA25DB8A630009B433;
			productRefGroup = 3A19FBB425DB8A630009B433 /* Products */;
			projectDirPath = "";
			projectRoot = "";
			targets = (
				3A19FBB225DB8A630009B433 /* SegueExercise3 */,
			);
		};
/* End PBXProject section */

/* Begin PBXResourcesBuildPhase section */
		3A19FBB125DB8A630009B433 /* Resources */ = {
			isa = PBXResourcesBuildPhase;
			buildActionMask = 2147483647;
			files = (
				3A19FBC625DB8A660009B433 /* LaunchScreen.storyboard in Resources */,
				3A19FBC325DB8A660009B433 /* Assets.xcassets in Resources */,
				3A19FBBE25DB8A630009B433 /* Main.storyboard in Resources */,
			);
			runOnlyForDeploymentPostprocessing = 0;
		};
/* End PBXResourcesBuildPhase section */

/* Begin PBXSourcesBuildPhase section */
		3A19FBAF25DB8A630009B433 /* Sources */ = {
			isa = PBXSourcesBuildPhase;
			buildActionMask = 2147483647;
			files = (
				3A19FBBB25DB8A630009B433 /* ViewController.swift in Sources */,
				3A19FBB725DB8A630009B433 /* AppDelegate.swift in Sources */,
				3A19FBB925DB8A630009B433 /* SceneDelegate.swift in Sources */,
				3A19FBC125DB8A630009B433 /* SegueExercise3.xcdatamodeld in Sources */,
			);
			runOnlyForDeploymentPostprocessing = 0;
		};
/* End PBXSourcesBuildPhase section */

/* Begin PBXVariantGroup section */
		3A19FBBC25DB8A630009B433 /* Main.storyboard */ = {
			isa = PBXVariantGroup;
			children = (
				3A19FBBD25DB8A630009B433 /* Base */,
			);
			name = Main.storyboard;
			sourceTree = "<group>";
		};
		3A19FBC425DB8A660009B433 /* LaunchScreen.storyboard */ = {
			isa = PBXVariantGroup;
			children = (
				3A19FBC525DB8A660009B433 /* Base */,
			);
			name = LaunchScreen.storyboard;
			sourceTree = "<group>";
		};
/* End PBXVariantGroup section */

/* Begin XCBuildConfiguration section */
		3A19FBC825DB8A660009B433 /* Debug */ = {
			isa = XCBuildConfiguration;
			buildSettings = {
				ALWAYS_SEARCH_USER_PATHS = NO;
				CLANG_ANALYZER_NONNULL = YES;
				CLANG_ANALYZER_NUMBER_OBJECT_CONVERSION = YES_AGGRESSIVE;
				CLANG_CXX_LANGUAGE_STANDARD = "gnu++14";
				CLANG_CXX_LIBRARY = "libc++";
				CLANG_ENABLE_MODULES = YES;
				CLANG_ENABLE_OBJC_ARC = YES;
				CLANG_ENABLE_OBJC_WEAK = YES;
				CLANG_WARN_BLOCK_CAPTURE_AUTORELEASING = YES;
				CLANG_WARN_BOOL_CONVERSION = YES;
				CLANG_WARN_COMMA = YES;
				CLANG_WARN_CONSTANT_CONVERSION = YES;
				CLANG_WARN_DEPRECATED_OBJC_IMPLEMENTATIONS = YES;
				CLANG_WARN_DIRECT_OBJC_ISA_USAGE = YES_ERROR;
				CLANG_WARN_DOCUMENTATION_COMMENTS = YES;
				CLANG_WARN_EMPTY_BODY = YES;
				CLANG_WARN_ENUM_CONVERSION = YES;
				CLANG_WARN_INFINITE_RECURSION = YES;
				CLANG_WARN_INT_CONVERSION = YES;
				CLANG_WARN_NON_LITERAL_NULL_CONVERSION = YES;
				CLANG_WARN_OBJC_IMPLICIT_RETAIN_SELF = YES;
				CLANG_WARN_OBJC_LITERAL_CONVERSION = YES;
				CLANG_WARN_OBJC_ROOT_CLASS = YES_ERROR;
				CLANG_WARN_QUOTED_INCLUDE_IN_FRAMEWORK_HEADER = YES;
				CLANG_WARN_RANGE_LOOP_ANALYSIS = YES;
				CLANG_WARN_STRICT_PROTOTYPES = YES;
				CLANG_WARN_SUSPICIOUS_MOVE = YES;
				CLANG_WARN_UNGUARDED_AVAILABILITY = YES_AGGRESSIVE;
				CLANG_WARN_UNREACHABLE_CODE = YES;
				CLANG_WARN__DUPLICATE_METHOD_MATCH = YES;
				COPY_PHASE_STRIP = NO;
				DEBUG_INFORMATION_FORMAT = dwarf;
				ENABLE_STRICT_OBJC_MSGSEND = YES;
				ENABLE_TESTABILITY = YES;
				GCC_C_LANGUAGE_STANDARD = gnu11;
				GCC_DYNAMIC_NO_PIC = NO;
				GCC_NO_COMMON_BLOCKS = YES;
				GCC_OPTIMIZATION_LEVEL = 0;
				GCC_PREPROCESSOR_DEFINITIONS = (
					"DEBUG=1",
					"$(inherited)",
				);
				GCC_WARN_64_TO_32_BIT_CONVERSION = YES;
				GCC_WARN_ABOUT_RETURN_TYPE = YES_ERROR;
				GCC_WARN_UNDECLARED_SELECTOR = YES;
				GCC_WARN_UNINITIALIZED_AUTOS = YES_AGGRESSIVE;
				GCC_WARN_UNUSED_FUNCTION = YES;
				GCC_WARN_UNUSED_VARIABLE = YES;
				IPHONEOS_DEPLOYMENT_TARGET = 14.4;
				MTL_ENABLE_DEBUG_INFO = INCLUDE_SOURCE;
				MTL_FAST_MATH = YES;
				ONLY_ACTIVE_ARCH = YES;
				SDKROOT = iphoneos;
				SWIFT_ACTIVE_COMPILATION_CONDITIONS = DEBUG;
				SWIFT_OPTIMIZATION_LEVEL = "-Onone";
			};
			name = Debug;
		};
		3A19FBC925DB8A660009B433 /* Release */ = {
			isa = XCBuildConfiguration;
			buildSettings = {
				ALWAYS_SEARCH_USER_PATHS = NO;
				CLANG_ANALYZER_NONNULL = YES;
				CLANG_ANALYZER_NUMBER_OBJECT_CONVERSION = YES_AGGRESSIVE;
				CLANG_CXX_LANGUAGE_STANDARD = "gnu++14";
				CLANG_CXX_LIBRARY = "libc++";
				CLANG_ENABLE_MODULES = YES;
				CLANG_ENABLE_OBJC_ARC = YES;
				CLANG_ENABLE_OBJC_WEAK = YES;
				CLANG_WARN_BLOCK_CAPTURE_AUTORELEASING = YES;
				CLANG_WARN_BOOL_CONVERSION = YES;
				CLANG_WARN_COMMA = YES;
				CLANG_WARN_CONSTANT_CONVERSION = YES;
				CLANG_WARN_DEPRECATED_OBJC_IMPLEMENTATIONS = YES;
				CLANG_WARN_DIRECT_OBJC_ISA_USAGE = YES_ERROR;
				CLANG_WARN_DOCUMENTATION_COMMENTS = YES;
				CLANG_WARN_EMPTY_BODY = YES;
				CLANG_WARN_ENUM_CONVERSION = YES;
				CLANG_WARN_INFINITE_RECURSION = YES;
				CLANG_WARN_INT_CONVERSION = YES;
				CLANG_WARN_NON_LITERAL_NULL_CONVERSION = YES;
				CLANG_WARN_OBJC_IMPLICIT_RETAIN_SELF = YES;
				CLANG_WARN_OBJC_LITERAL_CONVERSION = YES;
				CLANG_WARN_OBJC_ROOT_CLASS = YES_ERROR;
				CLANG_WARN_QUOTED_INCLUDE_IN_FRAMEWORK_HEADER = YES;
				CLANG_WARN_RANGE_LOOP_ANALYSIS = YES;
				CLANG_WARN_STRICT_PROTOTYPES = YES;
				CLANG_WARN_SUSPICIOUS_MOVE = YES;
				CLANG_WARN_UNGUARDED_AVAILABILITY = YES_AGGRESSIVE;
				CLANG_WARN_UNREACHABLE_CODE = YES;
				CLANG_WARN__DUPLICATE_METHOD_MATCH = YES;
				COPY_PHASE_STRIP = NO;
				DEBUG_INFORMATION_FORMAT = "dwarf-with-dsym";
				ENABLE_NS_ASSERTIONS = NO;
				ENABLE_STRICT_OBJC_MSGSEND = YES;
				GCC_C_LANGUAGE_STANDARD = gnu11;
				GCC_NO_COMMON_BLOCKS = YES;
				GCC_WARN_64_TO_32_BIT_CONVERSION = YES;
				GCC_WARN_ABOUT_RETURN_TYPE = YES_ERROR;
				GCC_WARN_UNDECLARED_SELECTOR = YES;
				GCC_WARN_UNINITIALIZED_AUTOS = YES_AGGRESSIVE;
				GCC_WARN_UNUSED_FUNCTION = YES;
				GCC_WARN_UNUSED_VARIABLE = YES;
				IPHONEOS_DEPLOYMENT_TARGET = 14.4;
				MTL_ENABLE_DEBUG_INFO = NO;
				MTL_FAST_MATH = YES;
				SDKROOT = iphoneos;
				SWIFT_COMPILATION_MODE = wholemodule;
				SWIFT_OPTIMIZATION_LEVEL = "-O";
				VALIDATE_PRODUCT = YES;
			};
			name = Release;
		};
		3A19FBCB25DB8A660009B433 /* Debug */ = {
			isa = XCBuildConfiguration;
			buildSettings = {
				ASSETCATALOG_COMPILER_APPICON_NAME = AppIcon;
				ASSETCATALOG_COMPILER_GLOBAL_ACCENT_COLOR_NAME = AccentColor;
				CODE_SIGN_STYLE = Automatic;
				INFOPLIST_FILE = SegueExercise3/Info.plist;
				LD_RUNPATH_SEARCH_PATHS = (
					"$(inherited)",
					"@executable_path/Frameworks",
				);
				PRODUCT_BUNDLE_IDENTIFIER = WT.SegueExercise3;
				PRODUCT_NAME = "$(TARGET_NAME)";
				SWIFT_VERSION = 5.0;
				TARGETED_DEVICE_FAMILY = "1,2";
			};
			name = Debug;
		};
		3A19FBCC25DB8A660009B433 /* Release */ = {
			isa = XCBuildConfiguration;
			buildSettings = {
				ASSETCATALOG_COMPILER_APPICON_NAME = AppIcon;
				ASSETCATALOG_COMPILER_GLOBAL_ACCENT_COLOR_NAME = AccentColor;
				CODE_SIGN_STYLE = Automatic;
				INFOPLIST_FILE = SegueExercise3/Info.plist;
				LD_RUNPATH_SEARCH_PATHS = (
					"$(inherited)",
					"@executable_path/Frameworks",
				);
				PRODUCT_BUNDLE_IDENTIFIER = WT.SegueExercise3;
				PRODUCT_NAME = "$(TARGET_NAME)";
				SWIFT_VERSION = 5.0;
				TARGETED_DEVICE_FAMILY = "1,2";
			};
			name = Release;
		};
/* End XCBuildConfiguration section */

/* Begin XCConfigurationList section */
		3A19FBAE25DB8A630009B433 /* Build configuration list for PBXProject "SegueExercise3" */ = {
			isa = XCConfigurationList;
			buildConfigurations = (
				3A19FBC825DB8A660009B433 /* Debug */,
				3A19FBC925DB8A660009B433 /* Release */,
			);
			defaultConfigurationIsVisible = 0;
			defaultConfigurationName = Release;
		};
		3A19FBCA25DB8A660009B433 /* Build configuration list for PBXNativeTarget "SegueExercise3" */ = {
			isa = XCConfigurationList;
			buildConfigurations = (
				3A19FBCB25DB8A660009B433 /* Debug */,
				3A19FBCC25DB8A660009B433 /* Release */,
			);
			defaultConfigurationIsVisible = 0;
			defaultConfigurationName = Release;
		};
/* End XCConfigurationList section */

/* Begin XCVersionGroup section */
		3A19FBBF25DB8A630009B433 /* SegueExercise3.xcdatamodeld */ = {
			isa = XCVersionGroup;
			children = (
				3A19FBC025DB8A630009B433 /* SegueExercise3.xcdatamodel */,
			);
			currentVersion = 3A19FBC025DB8A630009B433 /* SegueExercise3.xcdatamodel */;
			path = SegueExercise3.xcdatamodeld;
			sourceTree = "<group>";
			versionGroupType = wrapper.xcdatamodel;
		};
/* End XCVersionGroup section */
	};
	rootObject = 3A19FBAB25DB8A630009B433 /* Project object */;
}
